
Microsoft Visual Studio Solution File, Format Version 12.00
# Visual Studio Version 17
VisualStudioVersion = 17.3.32804.467
MinimumVisualStudioVersion = 10.0.40219.1
Project("{2150E333-8FDC-42A3-9474-1A3956D46DE8}") = "src", "src", "{B888C383-D4A2-4453-9F07-8109E2965F39}"
EndProject
Project("{2150E333-8FDC-42A3-9474-1A3956D46DE8}") = "tests", "tests", "{EB7C6984-5B36-402F-8699-470AC3F79740}"
EndProject
Project("{2150E333-8FDC-42A3-9474-1A3956D46DE8}") = "ZooApp", "ZooApp", "{D515B8CF-2B4D-467D-8409-CC2FA4E8C234}"
EndProject
Project("{2150E333-8FDC-42A3-9474-1A3956D46DE8}") = "ZooLib", "ZooLib", "{1A3E9E77-ABBC-475E-864D-7029D468E540}"
EndProject
Project("{2150E333-8FDC-42A3-9474-1A3956D46DE8}") = "ZooApp.Tests", "ZooApp.Tests", "{ECCFEBC9-178B-44B6-A5E2-1060E7702898}"
EndProject
Project("{2150E333-8FDC-42A3-9474-1A3956D46DE8}") = "ZooLib.Tests", "ZooLib.Tests", "{99BAAF22-14E7-4D54-BF00-B3B0B5405503}"
EndProject
Project("{FAE04EC0-301F-11D3-BF4B-00C04F79EFBC}") = "ZooApp", "src\ZooApp\ZooApp\ZooApp.csproj", "{2C1E43B3-13E0-40EB-8E58-4A2E2F53C4A6}"
EndProject
Project("{FAE04EC0-301F-11D3-BF4B-00C04F79EFBC}") = "ZooLib", "src\ZooLib\ZooLib\ZooLib.csproj", "{3188E075-7476-46E5-B2A0-1810F9FF208D}"
EndProject
Project("{FAE04EC0-301F-11D3-BF4B-00C04F79EFBC}") = "ZooApp.Tests", "ZooApp.Tests\ZooApp.Tests.csproj", "{18AE44F9-1E53-4D1E-8F40-A1E43EFDB680}"
EndProject
Project("{FAE04EC0-301F-11D3-BF4B-00C04F79EFBC}") = "ZooLib.Tests", "ZooLib.Tests\ZooLib.Tests.csproj", "{C1C9D9F3-13A7-431D-86D7-A4E3C25FADE9}"
EndProject
Global
	GlobalSection(SolutionConfigurationPlatforms) = preSolution
		Debug|Any CPU = Debug|Any CPU
		Release|Any CPU = Release|Any CPU
	EndGlobalSection
	GlobalSection(ProjectConfigurationPlatforms) = postSolution
		{2C1E43B3-13E0-40EB-8E58-4A2E2F53C4A6}.Debug|Any CPU.ActiveCfg = Debug|Any CPU
		{2C1E43B3-13E0-40EB-8E58-4A2E2F53C4A6}.Debug|Any CPU.Build.0 = Debug|Any CPU
		{2C1E43B3-13E0-40EB-8E58-4A2E2F53C4A6}.Release|Any CPU.ActiveCfg = Release|Any CPU
		{2C1E43B3-13E0-40EB-8E58-4A2E2F53C4A6}.Release|Any CPU.Build.0 = Release|Any CPU
		{3188E075-7476-46E5-B2A0-1810F9FF208D}.Debug|Any CPU.ActiveCfg = Debug|Any CPU
		{3188E075-7476-46E5-B2A0-1810F9FF208D}.Debug|Any CPU.Build.0 = Debug|Any CPU
		{3188E075-7476-46E5-B2A0-1810F9FF208D}.Release|Any CPU.ActiveCfg = Release|Any CPU
		{3188E075-7476-46E5-B2A0-1810F9FF208D}.Release|Any CPU.Build.0 = Release|Any CPU
		{18AE44F9-1E53-4D1E-8F40-A1E43EFDB680}.Debug|Any CPU.ActiveCfg = Debug|Any CPU
		{18AE44F9-1E53-4D1E-8F40-A1E43EFDB680}.Debug|Any CPU.Build.0 = Debug|Any CPU
		{18AE44F9-1E53-4D1E-8F40-A1E43EFDB680}.Release|Any CPU.ActiveCfg = Release|Any CPU
		{18AE44F9-1E53-4D1E-8F40-A1E43EFDB680}.Release|Any CPU.Build.0 = Release|Any CPU
		{C1C9D9F3-13A7-431D-86D7-A4E3C25FADE9}.Debug|Any CPU.ActiveCfg = Debug|Any CPU
		{C1C9D9F3-13A7-431D-86D7-A4E3C25FADE9}.Debug|Any CPU.Build.0 = Debug|Any CPU
		{C1C9D9F3-13A7-431D-86D7-A4E3C25FADE9}.Release|Any CPU.ActiveCfg = Release|Any CPU
		{C1C9D9F3-13A7-431D-86D7-A4E3C25FADE9}.Release|Any CPU.Build.0 = Release|Any CPU
	EndGlobalSection
	GlobalSection(SolutionProperties) = preSolution
		HideSolutionNode = FALSE
	EndGlobalSection
	GlobalSection(NestedProjects) = preSolution
		{D515B8CF-2B4D-467D-8409-CC2FA4E8C234} = {B888C383-D4A2-4453-9F07-8109E2965F39}
		{1A3E9E77-ABBC-475E-864D-7029D468E540} = {B888C383-D4A2-4453-9F07-8109E2965F39}
		{ECCFEBC9-178B-44B6-A5E2-1060E7702898} = {EB7C6984-5B36-402F-8699-470AC3F79740}
		{99BAAF22-14E7-4D54-BF00-B3B0B5405503} = {EB7C6984-5B36-402F-8699-470AC3F79740}
		{2C1E43B3-13E0-40EB-8E58-4A2E2F53C4A6} = {D515B8CF-2B4D-467D-8409-CC2FA4E8C234}
		{3188E075-7476-46E5-B2A0-1810F9FF208D} = {1A3E9E77-ABBC-475E-864D-7029D468E540}
		{18AE44F9-1E53-4D1E-8F40-A1E43EFDB680} = {ECCFEBC9-178B-44B6-A5E2-1060E7702898}
		{C1C9D9F3-13A7-431D-86D7-A4E3C25FADE9} = {99BAAF22-14E7-4D54-BF00-B3B0B5405503}
	EndGlobalSection
	GlobalSection(ExtensibilityGlobals) = postSolution
		SolutionGuid = {AC005F6F-3690-4ACE-9AA9-3199FBB729F8}
	EndGlobalSection
EndGlobal
